Microsoft Visual Studio Solution File, Format Version 11.00
# Visual Studio 2008

Project("{A06628B2-99FA-ED7D-C278-D5E4B28F855E}") = "Run_melosGame", "Assembly-CSharp.csproj", "{92241527-0368-60B1-24CC-7E2A024BD0D5}"
EndProject
Global
	GlobalSection(SolutionConfigurationPlatforms) = preSolution
		Debug|Any CPU = Debug|Any CPU
		Release|Any CPU = Release|Any CPU
	EndGlobalSection
	GlobalSection(ProjectConfigurationPlatforms) = postSolution
		{92241527-0368-60B1-24CC-7E2A024BD0D5}.Debug|Any CPU.ActiveCfg = Debug|Any CPU
		{92241527-0368-60B1-24CC-7E2A024BD0D5}.Debug|Any CPU.Build.0 = Debug|Any CPU
		{92241527-0368-60B1-24CC-7E2A024BD0D5}.Release|Any CPU.ActiveCfg = Release|Any CPU
		{92241527-0368-60B1-24CC-7E2A024BD0D5}.Release|Any CPU.Build.0 = Release|Any CPU
	EndGlobalSection
	GlobalSection(SolutionProperties) = preSolution
		HideSolutionNode = FALSE
	EndGlobalSection
																						GlobalSection(MonoDevelopProperties) = preSolution
		StartupItem = Assembly-CSharp.csproj
		Policies = $0
		$0.TextStylePolicy = $1
		$1.inheritsSet = null
		$1.scope = text/x-csharp
		$0.CSharpFormattingPolicy = $2
		$2.inheritsSet = Mono
		$2.inheritsScope = text/x-csharp
		$2.scope = text/x-csharp
		$0.TextStylePolicy = $3
		$3.FileWidth = 120
		$3.TabWidth = 4
		$3.IndentWidth = 4
		$3.EolMarker = Unix
		$3.inheritsSet = Mono
		$3.inheritsScope = text/plain
		$3.scope = text/plain
	EndGlobalSection

EndGlobal
