Microsoft Visual Studio Solution File, Format Version 11.00
# Visual Studio 2008

Project("{1609A8B2-5A0F-7678-6233-2074AA2BB8FB}") = "ShootingGAME", "Assembly-CSharp.csproj", "{8646CC74-4229-9CBB-A58E-163E4797CE22}"
EndProject
Project("{1609A8B2-5A0F-7678-6233-2074AA2BB8FB}") = "ShootingGAME", "Assembly-UnityScript.unityproj", "{71E4C1AC-451D-C325-6E93-A48D38958C59}"
EndProject
Global
	GlobalSection(SolutionConfigurationPlatforms) = preSolution
		Debug|Any CPU = Debug|Any CPU
		Release|Any CPU = Release|Any CPU
	EndGlobalSection
	GlobalSection(ProjectConfigurationPlatforms) = postSolution
		{8646CC74-4229-9CBB-A58E-163E4797CE22}.Debug|Any CPU.ActiveCfg = Debug|Any CPU
		{8646CC74-4229-9CBB-A58E-163E4797CE22}.Debug|Any CPU.Build.0 = Debug|Any CPU
		{8646CC74-4229-9CBB-A58E-163E4797CE22}.Release|Any CPU.ActiveCfg = Release|Any CPU
		{8646CC74-4229-9CBB-A58E-163E4797CE22}.Release|Any CPU.Build.0 = Release|Any CPU
		{71E4C1AC-451D-C325-6E93-A48D38958C59}.Debug|Any CPU.ActiveCfg = Debug|Any CPU
		{71E4C1AC-451D-C325-6E93-A48D38958C59}.Debug|Any CPU.Build.0 = Debug|Any CPU
		{71E4C1AC-451D-C325-6E93-A48D38958C59}.Release|Any CPU.ActiveCfg = Release|Any CPU
		{71E4C1AC-451D-C325-6E93-A48D38958C59}.Release|Any CPU.Build.0 = Release|Any CPU
	EndGlobalSection
	GlobalSection(SolutionProperties) = preSolution
		HideSolutionNode = FALSE
	EndGlobalSection
								GlobalSection(MonoDevelopProperties) = preSolution
		StartupItem = Assembly-CSharp.csproj
		Policies = $0
		$0.TextStylePolicy = $1
		$1.inheritsSet = null
		$1.scope = text/x-csharp
		$0.CSharpFormattingPolicy = $2
		$2.inheritsSet = Mono
		$2.inheritsScope = text/x-csharp
		$2.scope = text/x-csharp
		$0.TextStylePolicy = $3
		$3.FileWidth = 120
		$3.TabWidth = 4
		$3.IndentWidth = 4
		$3.EolMarker = Unix
		$3.inheritsSet = Mono
		$3.inheritsScope = text/plain
		$3.scope = text/plain
	EndGlobalSection

EndGlobal
